// !$*UTF8*$!
{
	archiveVersion = 1;
	classes = {
	};
	objectVersion = 55;
	objects = {

/* Begin PBXBuildFile section */
		5B1A584327FE038F00BFD971 /* AppDelegate.swift in Sources */ = {isa = PBXBuildFile; fileRef = 5B1A584227FE038F00BFD971 /* AppDelegate.swift */; };
		5B1A584527FE038F00BFD971 /* SceneDelegate.swift in Sources */ = {isa = PBXBuildFile; fileRef = 5B1A584427FE038F00BFD971 /* SceneDelegate.swift */; };
		5B1A584727FE038F00BFD971 /* ViewController.swift in Sources */ = {isa = PBXBuildFile; fileRef = 5B1A584627FE038F00BFD971 /* ViewController.swift */; };
		5B1A584A27FE038F00BFD971 /* Main.storyboard in Resources */ = {isa = PBXBuildFile; fileRef = 5B1A584827FE038F00BFD971 /* Main.storyboard */; };
		5B1A584C27FE039300BFD971 /* Assets.xcassets in Resources */ = {isa = PBXBuildFile; fileRef = 5B1A584B27FE039300BFD971 /* Assets.xcassets */; };
		5B1A584F27FE039300BFD971 /* LaunchScreen.storyboard in Resources */ = {isa = PBXBuildFile; fileRef = 5B1A584D27FE039300BFD971 /* LaunchScreen.storyboard */; };
		930A1B8A6607A97504040728 /* Pods_DifferentAnimations.framework in Frameworks */ = {isa = PBXBuildFile; fileRef = F6E42D6E4EFFCE92AFDE72CA /* Pods_DifferentAnimations.framework */; };
/* End PBXBuildFile section */

/* Begin PBXFileReference section */
		3995A16C8975897900ECE2C2 /* Pods-DifferentAnimations.release.xcconfig */ = {isa = PBXFileReference; includeInIndex = 1; lastKnownFileType = text.xcconfig; name = "Pods-DifferentAnimations.release.xcconfig"; path = "Target Support Files/Pods-DifferentAnimations/Pods-DifferentAnimations.release.xcconfig"; sourceTree = "<group>"; };
		5B1A583F27FE038F00BFD971 /* DifferentAnimations.app */ = {isa = PBXFileReference; explicitFileType = wrapper.application; includeInIndex = 0; path = DifferentAnimations.app; sourceTree = BUILT_PRODUCTS_DIR; };
		5B1A584227FE038F00BFD971 /* AppDelegate.swift */ = {isa = PBXFileReference; lastKnownFileType = sourcecode.swift; path = AppDelegate.swift; sourceTree = "<group>"; };
		5B1A584427FE038F00BFD971 /* SceneDelegate.swift */ = {isa = PBXFileReference; lastKnownFileType = sourcecode.swift; path = SceneDelegate.swift; sourceTree = "<group>"; };
		5B1A584627FE038F00BFD971 /* ViewController.swift */ = {isa = PBXFileReference; lastKnownFileType = sourcecode.swift; path = ViewController.swift; sourceTree = "<group>"; };
		5B1A584927FE038F00BFD971 /* Base */ = {isa = PBXFileReference; lastKnownFileType = file.storyboard; name = Base; path = Base.lproj/Main.storyboard; sourceTree = "<group>"; };
		5B1A584B27FE039300BFD971 /* Assets.xcassets */ = {isa = PBXFileReference; lastKnownFileType = folder.assetcatalog; path = Assets.xcassets; sourceTree = "<group>"; };
		5B1A584E27FE039300BFD971 /* Base */ = {isa = PBXFileReference; lastKnownFileType = file.storyboard; name = Base; path = Base.lproj/LaunchScreen.storyboard; sourceTree = "<group>"; };
		5B1A585027FE039300BFD971 /* Info.plist */ = {isa = PBXFileReference; lastKnownFileType = text.plist.xml; path = Info.plist; sourceTree = "<group>"; };
		D43D0003CC6D8089E8A61AA2 /* Pods-DifferentAnimations.debug.xcconfig */ = {isa = PBXFileReference; includeInIndex = 1; lastKnownFileType = text.xcconfig; name = "Pods-DifferentAnimations.debug.xcconfig"; path = "Target Support Files/Pods-DifferentAnimations/Pods-DifferentAnimations.debug.xcconfig"; sourceTree = "<group>"; };
		F6E42D6E4EFFCE92AFDE72CA /* Pods_DifferentAnimations.framework */ = {isa = PBXFileReference; explicitFileType = wrapper.framework; includeInIndex = 0; path = Pods_DifferentAnimations.framework; sourceTree = BUILT_PRODUCTS_DIR; };
/* End PBXFileReference section */

/* Begin PBXFrameworksBuildPhase section */
		5B1A583C27FE038F00BFD971 /* Frameworks */ = {
			isa = PBXFrameworksBuildPhase;
			buildActionMask = 2147483647;
			files = (
				930A1B8A6607A97504040728 /* Pods_DifferentAnimations.framework in Frameworks */,
			);
			runOnlyForDeploymentPostprocessing = 0;
		};
/* End PBXFrameworksBuildPhase section */

/* Begin PBXGroup section */
		5B1A583627FE038F00BFD971 = {
			isa = PBXGroup;
			children = (
				5B1A584127FE038F00BFD971 /* DifferentAnimations */,
				5B1A584027FE038F00BFD971 /* Products */,
				E2B2C2E010ED1D1C71194263 /* Pods */,
				6747FE8A72D3E2385814D94E /* Frameworks */,
			);
			sourceTree = "<group>";
		};
		5B1A584027FE038F00BFD971 /* Products */ = {
			isa = PBXGroup;
			children = (
				5B1A583F27FE038F00BFD971 /* DifferentAnimations.app */,
			);
			name = Products;
			sourceTree = "<group>";
		};
		5B1A584127FE038F00BFD971 /* DifferentAnimations */ = {
			isa = PBXGroup;
			children = (
				5B1A584227FE038F00BFD971 /* AppDelegate.swift */,
				5B1A584427FE038F00BFD971 /* SceneDelegate.swift */,
				5B1A584627FE038F00BFD971 /* ViewController.swift */,
				5B1A584827FE038F00BFD971 /* Main.storyboard */,
				5B1A584B27FE039300BFD971 /* Assets.xcassets */,
				5B1A584D27FE039300BFD971 /* LaunchScreen.storyboard */,
				5B1A585027FE039300BFD971 /* Info.plist */,
			);
			path = DifferentAnimations;
			sourceTree = "<group>";
		};
		6747FE8A72D3E2385814D94E /* Frameworks */ = {
			isa = PBXGroup;
			children = (
				F6E42D6E4EFFCE92AFDE72CA /* Pods_DifferentAnimations.framework */,
			);
			name = Frameworks;
			sourceTree = "<group>";
		};
		E2B2C2E010ED1D1C71194263 /* Pods */ = {
			isa = PBXGroup;
			children = (
				D43D0003CC6D8089E8A61AA2 /* Pods-DifferentAnimations.debug.xcconfig */,
				3995A16C8975897900ECE2C2 /* Pods-DifferentAnimations.release.xcconfig */,
			);
			path = Pods;
			sourceTree = "<group>";
		};
/* End PBXGroup section */

/* Begin PBXNativeTarget section */
		5B1A583E27FE038F00BFD971 /* DifferentAnimations */ = {
			isa = PBXNativeTarget;
			buildConfigurationList = 5B1A585327FE039300BFD971 /* Build configuration list for PBXNativeTarget "DifferentAnimations" */;
			buildPhases = (
				0F224FD94873DCDD0038EA97 /* [CP] Check Pods Manifest.lock */,
				5B1A583B27FE038F00BFD971 /* Sources */,
				5B1A583C27FE038F00BFD971 /* Frameworks */,
				5B1A583D27FE038F00BFD971 /* Resources */,
				69CFD98C0662E7CF41185791 /* [CP] Embed Pods Frameworks */,
			);
			buildRules = (
			);
			dependencies = (
			);
			name = DifferentAnimations;
			productName = DifferentAnimations;
			productReference = 5B1A583F27FE038F00BFD971 /* DifferentAnimations.app */;
			productType = "com.apple.product-type.application";
		};
/* End PBXNativeTarget section */

/* Begin PBXProject section */
		5B1A583727FE038F00BFD971 /* Project object */ = {
			isa = PBXProject;
			attributes = {
				BuildIndependentTargetsInParallel = 1;
				LastSwiftUpdateCheck = 1330;
				LastUpgradeCheck = 1330;
				TargetAttributes = {
					5B1A583E27FE038F00BFD971 = {
						CreatedOnToolsVersion = 13.3;
					};
				};
			};
			buildConfigurationList = 5B1A583A27FE038F00BFD971 /* Build configuration list for PBXProject "DifferentAnimations" */;
			compatibilityVersion = "Xcode 13.0";
			developmentRegion = en;
			hasScannedForEncodings = 0;
			knownRegions = (
				en,
				Base,
			);
			mainGroup = 5B1A583627FE038F00BFD971;
			productRefGroup = 5B1A584027FE038F00BFD971 /* Products */;
			projectDirPath = "";
			projectRoot = "";
			targets = (
				5B1A583E27FE038F00BFD971 /* DifferentAnimations */,
			);
		};
/* End PBXProject section */

/* Begin PBXResourcesBuildPhase section */
		5B1A583D27FE038F00BFD971 /* Resources */ = {
			isa = PBXResourcesBuildPhase;
			buildActionMask = 2147483647;
			files = (
				5B1A584F27FE039300BFD971 /* LaunchScreen.storyboard in Resources */,
				5B1A584C27FE039300BFD971 /* Assets.xcassets in Resources */,
				5B1A584A27FE038F00BFD971 /* Main.storyboard in Resources */,
			);
			runOnlyForDeploymentPostprocessing = 0;
		};
/* End PBXResourcesBuildPhase section */

/* Begin PBXShellScriptBuildPhase section */
		0F224FD94873DCDD0038EA97 /* [CP] Check Pods Manifest.lock */ = {
			isa = PBXShellScriptBuildPhase;
			buildActionMask = 2147483647;
			files = (
			);
			inputFileListPaths = (
			);
			inputPaths = (
				"${PODS_PODFILE_DIR_PATH}/Podfile.lock",
				"${PODS_ROOT}/Manifest.lock",
			);
			name = "[CP] Check Pods Manifest.lock";
			outputFileListPaths = (
			);
			outputPaths = (
				"$(DERIVED_FILE_DIR)/Pods-DifferentAnimations-checkManifestLockResult.txt",
			);
			runOnlyForDeploymentPostprocessing = 0;
			shellPath = /bin/sh;
			shellScript = "diff \"${PODS_PODFILE_DIR_PATH}/Podfile.lock\" \"${PODS_ROOT}/Manifest.lock\" > /dev/null\nif [ $? != 0 ] ; then\n    # print error to STDERR\n    echo \"error: The sandbox is not in sync with the Podfile.lock. Run 'pod install' or update your CocoaPods installation.\" >&2\n    exit 1\nfi\n# This output is used by Xcode 'outputs' to avoid re-running this script phase.\necho \"SUCCESS\" > \"${SCRIPT_OUTPUT_FILE_0}\"\n";
			showEnvVarsInLog = 0;
		};
		69CFD98C0662E7CF41185791 /* [CP] Embed Pods Frameworks */ = {
			isa = PBXShellScriptBuildPhase;
			buildActionMask = 2147483647;
			files = (
			);
			inputFileListPaths = (
				"${PODS_ROOT}/Target Support Files/Pods-DifferentAnimations/Pods-DifferentAnimations-frameworks-${CONFIGURATION}-input-files.xcfilelist",
			);
			name = "[CP] Embed Pods Frameworks";
			outputFileListPaths = (
				"${PODS_ROOT}/Target Support Files/Pods-DifferentAnimations/Pods-DifferentAnimations-frameworks-${CONFIGURATION}-output-files.xcfilelist",
			);
			runOnlyForDeploymentPostprocessing = 0;
			shellPath = /bin/sh;
			shellScript = "\"${PODS_ROOT}/Target Support Files/Pods-DifferentAnimations/Pods-DifferentAnimations-frameworks.sh\"\n";
			showEnvVarsInLog = 0;
		};
/* End PBXShellScriptBuildPhase section */

/* Begin PBXSourcesBuildPhase section */
		5B1A583B27FE038F00BFD971 /* Sources */ = {
			isa = PBXSourcesBuildPhase;
			buildActionMask = 2147483647;
			files = (
				5B1A584727FE038F00BFD971 /* ViewController.swift in Sources */,
				5B1A584327FE038F00BFD971 /* AppDelegate.swift in Sources */,
				5B1A584527FE038F00BFD971 /* SceneDelegate.swift in Sources */,
			);
			runOnlyForDeploymentPostprocessing = 0;
		};
/* End PBXSourcesBuildPhase section */

/* Begin PBXVariantGroup section */
		5B1A584827FE038F00BFD971 /* Main.storyboard */ = {
			isa = PBXVariantGroup;
			children = (
				5B1A584927FE038F00BFD971 /* Base */,
			);
			name = Main.storyboard;
			sourceTree = "<group>";
		};
		5B1A584D27FE039300BFD971 /* LaunchScreen.storyboard */ = {
			isa = PBXVariantGroup;
			children = (
				5B1A584E27FE039300BFD971 /* Base */,
			);
			name = LaunchScreen.storyboard;
			sourceTree = "<group>";
		};
/* End PBXVariantGroup section */

/* Begin XCBuildConfiguration section */
		5B1A585127FE039300BFD971 /* Debug */ = {
			isa = XCBuildConfiguration;
			buildSettings = {
				ALWAYS_SEARCH_USER_PATHS = NO;
				CLANG_ANALYZER_NONNULL = YES;
				CLANG_ANALYZER_NUMBER_OBJECT_CONVERSION = YES_AGGRESSIVE;
				CLANG_CXX_LANGUAGE_STANDARD = "gnu++17";
				CLANG_ENABLE_MODULES = YES;
				CLANG_ENABLE_OBJC_ARC = YES;
				CLANG_ENABLE_OBJC_WEAK = YES;
				CLANG_WARN_BLOCK_CAPTURE_AUTORELEASING = YES;
				CLANG_WARN_BOOL_CONVERSION = YES;
				CLANG_WARN_COMMA = YES;
				CLANG_WARN_CONSTANT_CONVERSION = YES;
				CLANG_WARN_DEPRECATED_OBJC_IMPLEMENTATIONS = YES;
				CLANG_WARN_DIRECT_OBJC_ISA_USAGE = YES_ERROR;
				CLANG_WARN_DOCUMENTATION_COMMENTS = YES;
				CLANG_WARN_EMPTY_BODY = YES;
				CLANG_WARN_ENUM_CONVERSION = YES;
				CLANG_WARN_INFINITE_RECURSION = YES;
				CLANG_WARN_INT_CONVERSION = YES;
				CLANG_WARN_NON_LITERAL_NULL_CONVERSION = YES;
				CLANG_WARN_OBJC_IMPLICIT_RETAIN_SELF = YES;
				CLANG_WARN_OBJC_LITERAL_CONVERSION = YES;
				CLANG_WARN_OBJC_ROOT_CLASS = YES_ERROR;
				CLANG_WARN_QUOTED_INCLUDE_IN_FRAMEWORK_HEADER = YES;
				CLANG_WARN_RANGE_LOOP_ANALYSIS = YES;
				CLANG_WARN_STRICT_PROTOTYPES = YES;
				CLANG_WARN_SUSPICIOUS_MOVE = YES;
				CLANG_WARN_UNGUARDED_AVAILABILITY = YES_AGGRESSIVE;
				CLANG_WARN_UNREACHABLE_CODE = YES;
				CLANG_WARN__DUPLICATE_METHOD_MATCH = YES;
				COPY_PHASE_STRIP = NO;
				DEBUG_INFORMATION_FORMAT = dwarf;
				ENABLE_STRICT_OBJC_MSGSEND = YES;
				ENABLE_TESTABILITY = YES;
				GCC_C_LANGUAGE_STANDARD = gnu11;
				GCC_DYNAMIC_NO_PIC = NO;
				GCC_NO_COMMON_BLOCKS = YES;
				GCC_OPTIMIZATION_LEVEL = 0;
				GCC_PREPROCESSOR_DEFINITIONS = (
					"DEBUG=1",
					"$(inherited)",
				);
				GCC_WARN_64_TO_32_BIT_CONVERSION = YES;
				GCC_WARN_ABOUT_RETURN_TYPE = YES_ERROR;
				GCC_WARN_UNDECLARED_SELECTOR = YES;
				GCC_WARN_UNINITIALIZED_AUTOS = YES_AGGRESSIVE;
				GCC_WARN_UNUSED_FUNCTION = YES;
				GCC_WARN_UNUSED_VARIABLE = YES;
				IPHONEOS_DEPLOYMENT_TARGET = 15.4;
				MTL_ENABLE_DEBUG_INFO = INCLUDE_SOURCE;
				MTL_FAST_MATH = YES;
				ONLY_ACTIVE_ARCH = YES;
				SDKROOT = iphoneos;
				SWIFT_ACTIVE_COMPILATION_CONDITIONS = DEBUG;
				SWIFT_OPTIMIZATION_LEVEL = "-Onone";
			};
			name = Debug;
		};
		5B1A585227FE039300BFD971 /* Release */ = {
			isa = XCBuildConfiguration;
			buildSettings = {
				ALWAYS_SEARCH_USER_PATHS = NO;
				CLANG_ANALYZER_NONNULL = YES;
				CLANG_ANALYZER_NUMBER_OBJECT_CONVERSION = YES_AGGRESSIVE;
				CLANG_CXX_LANGUAGE_STANDARD = "gnu++17";
				CLANG_ENABLE_MODULES = YES;
				CLANG_ENABLE_OBJC_ARC = YES;
				CLANG_ENABLE_OBJC_WEAK = YES;
				CLANG_WARN_BLOCK_CAPTURE_AUTORELEASING = YES;
				CLANG_WARN_BOOL_CONVERSION = YES;
				CLANG_WARN_COMMA = YES;
				CLANG_WARN_CONSTANT_CONVERSION = YES;
				CLANG_WARN_DEPRECATED_OBJC_IMPLEMENTATIONS = YES;
				CLANG_WARN_DIRECT_OBJC_ISA_USAGE = YES_ERROR;
				CLANG_WARN_DOCUMENTATION_COMMENTS = YES;
				CLANG_WARN_EMPTY_BODY = YES;
				CLANG_WARN_ENUM_CONVERSION = YES;
				CLANG_WARN_INFINITE_RECURSION = YES;
				CLANG_WARN_INT_CONVERSION = YES;
				CLANG_WARN_NON_LITERAL_NULL_CONVERSION = YES;
				CLANG_WARN_OBJC_IMPLICIT_RETAIN_SELF = YES;
				CLANG_WARN_OBJC_LITERAL_CONVERSION = YES;
				CLANG_WARN_OBJC_ROOT_CLASS = YES_ERROR;
				CLANG_WARN_QUOTED_INCLUDE_IN_FRAMEWORK_HEADER = YES;
				CLANG_WARN_RANGE_LOOP_ANALYSIS = YES;
				CLANG_WARN_STRICT_PROTOTYPES = YES;
				CLANG_WARN_SUSPICIOUS_MOVE = YES;
				CLANG_WARN_UNGUARDED_AVAILABILITY = YES_AGGRESSIVE;
				CLANG_WARN_UNREACHABLE_CODE = YES;
				CLANG_WARN__DUPLICATE_METHOD_MATCH = YES;
				COPY_PHASE_STRIP = NO;
				DEBUG_INFORMATION_FORMAT = "dwarf-with-dsym";
				ENABLE_NS_ASSERTIONS = NO;
				ENABLE_STRICT_OBJC_MSGSEND = YES;
				GCC_C_LANGUAGE_STANDARD = gnu11;
				GCC_NO_COMMON_BLOCKS = YES;
				GCC_WARN_64_TO_32_BIT_CONVERSION = YES;
				GCC_WARN_ABOUT_RETURN_TYPE = YES_ERROR;
				GCC_WARN_UNDECLARED_SELECTOR = YES;
				GCC_WARN_UNINITIALIZED_AUTOS = YES_AGGRESSIVE;
				GCC_WARN_UNUSED_FUNCTION = YES;
				GCC_WARN_UNUSED_VARIABLE = YES;
				IPHONEOS_DEPLOYMENT_TARGET = 15.4;
				MTL_ENABLE_DEBUG_INFO = NO;
				MTL_FAST_MATH = YES;
				SDKROOT = iphoneos;
				SWIFT_COMPILATION_MODE = wholemodule;
				SWIFT_OPTIMIZATION_LEVEL = "-O";
				VALIDATE_PRODUCT = YES;
			};
			name = Release;
		};
		5B1A585427FE039300BFD971 /* Debug */ = {
			isa = XCBuildConfiguration;
			baseConfigurationReference = D43D0003CC6D8089E8A61AA2 /* Pods-DifferentAnimations.debug.xcconfig */;
			buildSettings = {
				ASSETCATALOG_COMPILER_APPICON_NAME = AppIcon;
				ASSETCATALOG_COMPILER_GLOBAL_ACCENT_COLOR_NAME = AccentColor;
				CODE_SIGN_STYLE = Automatic;
				CURRENT_PROJECT_VERSION = 1;
				DEVELOPMENT_TEAM = U2CVC8W4ZQ;
				GENERATE_INFOPLIST_FILE = YES;
				INFOPLIST_FILE = DifferentAnimations/Info.plist;
				INFOPLIST_KEY_UIApplicationSupportsIndirectInputEvents = YES;
				INFOPLIST_KEY_UILaunchStoryboardName = LaunchScreen;
				INFOPLIST_KEY_UIMainStoryboardFile = Main;
				INFOPLIST_KEY_UISupportedInterfaceOrientations_iPad = "UIInterfaceOrientationPortrait UIInterfaceOrientationPortraitUpsideDown UIInterfaceOrientationLandscapeLeft UIInterfaceOrientationLandscapeRight";
				INFOPLIST_KEY_UISupportedInterfaceOrientations_iPhone = "UIInterfaceOrientationPortrait UIInterfaceOrientationLandscapeLeft UIInterfaceOrientationLandscapeRight";
				LD_RUNPATH_SEARCH_PATHS = (
					"$(inherited)",
					"@executable_path/Frameworks",
				);
				MARKETING_VERSION = 1.0;
				PRODUCT_BUNDLE_IDENTIFIER = by.BobrikVS.DifferentAnimations;
				PRODUCT_NAME = "$(TARGET_NAME)";
				SWIFT_EMIT_LOC_STRINGS = YES;
				SWIFT_VERSION = 5.0;
				TARGETED_DEVICE_FAMILY = 1;
			};
			name = Debug;
		};
		5B1A585527FE039300BFD971 /* Release */ = {
			isa = XCBuildConfiguration;
			baseConfigurationReference = 3995A16C8975897900ECE2C2 /* Pods-DifferentAnimations.release.xcconfig */;
			buildSettings = {
				ASSETCATALOG_COMPILER_APPICON_NAME = AppIcon;
				ASSETCATALOG_COMPILER_GLOBAL_ACCENT_COLOR_NAME = AccentColor;
				CODE_SIGN_STYLE = Automatic;
				CURRENT_PROJECT_VERSION = 1;
				DEVELOPMENT_TEAM = U2CVC8W4ZQ;
				GENERATE_INFOPLIST_FILE = YES;
				INFOPLIST_FILE = DifferentAnimations/Info.plist;
				INFOPLIST_KEY_UIApplicationSupportsIndirectInputEvents = YES;
				INFOPLIST_KEY_UILaunchStoryboardName = LaunchScreen;
				INFOPLIST_KEY_UIMainStoryboardFile = Main;
				INFOPLIST_KEY_UISupportedInterfaceOrientations_iPad = "UIInterfaceOrientationPortrait UIInterfaceOrientationPortraitUpsideDown UIInterfaceOrientationLandscapeLeft UIInterfaceOrientationLandscapeRight";
				INFOPLIST_KEY_UISupportedInterfaceOrientations_iPhone = "UIInterfaceOrientationPortrait UIInterfaceOrientationLandscapeLeft UIInterfaceOrientationLandscapeRight";
				LD_RUNPATH_SEARCH_PATHS = (
					"$(inherited)",
					"@executable_path/Frameworks",
				);
				MARKETING_VERSION = 1.0;
				PRODUCT_BUNDLE_IDENTIFIER = by.BobrikVS.DifferentAnimations;
				PRODUCT_NAME = "$(TARGET_NAME)";
				SWIFT_EMIT_LOC_STRINGS = YES;
				SWIFT_VERSION = 5.0;
				TARGETED_DEVICE_FAMILY = 1;
			};
			name = Release;
		};
/* End XCBuildConfiguration section */

/* Begin XCConfigurationList section */
		5B1A583A27FE038F00BFD971 /* Build configuration list for PBXProject "DifferentAnimations" */ = {
			isa = XCConfigurationList;
			buildConfigurations = (
				5B1A585127FE039300BFD971 /* Debug */,
				5B1A585227FE039300BFD971 /* Release */,
			);
			defaultConfigurationIsVisible = 0;
			defaultConfigurationName = Release;
		};
		5B1A585327FE039300BFD971 /* Build configuration list for PBXNativeTarget "DifferentAnimations" */ = {
			isa = XCConfigurationList;
			buildConfigurations = (
				5B1A585427FE039300BFD971 /* Debug */,
				5B1A585527FE039300BFD971 /* Release */,
			);
			defaultConfigurationIsVisible = 0;
			defaultConfigurationName = Release;
		};
/* End XCConfigurationList section */
	};
	rootObject = 5B1A583727FE038F00BFD971 /* Project object */;
}
